
Microsoft Visual Studio Solution File, Format Version 12.00
# Visual Studio Version 17
VisualStudioVersion = 17.0.31903.59
MinimumVisualStudioVersion = 10.0.40219.1
Project("{FAE04EC0-301F-11D3-BF4B-00C04F79EFBC}") = "API", "API\API.csproj", "{7D36502F-FCA3-45AB-A991-2434C4D99304}"
EndProject
Project("{FAE04EC0-301F-11D3-BF4B-00C04F79EFBC}") = "Core", "Core\Core.csproj", "{A6E46CE4-B25B-4037-A925-897FC1B2AE0F}"
EndProject
Project("{FAE04EC0-301F-11D3-BF4B-00C04F79EFBC}") = "Infrastructure", "Infrastructure\Infrastructure.csproj", "{92F492B8-8AF7-4001-A39E-6D96714F089B}"
EndProject
Global
	GlobalSection(SolutionConfigurationPlatforms) = preSolution
		Debug|Any CPU = Debug|Any CPU
		Release|Any CPU = Release|Any CPU
	EndGlobalSection
	GlobalSection(SolutionProperties) = preSolution
		HideSolutionNode = FALSE
	EndGlobalSection
	GlobalSection(ProjectConfigurationPlatforms) = postSolution
		{7D36502F-FCA3-45AB-A991-2434C4D99304}.Debug|Any CPU.ActiveCfg = Debug|Any CPU
		{7D36502F-FCA3-45AB-A991-2434C4D99304}.Debug|Any CPU.Build.0 = Debug|Any CPU
		{7D36502F-FCA3-45AB-A991-2434C4D99304}.Release|Any CPU.ActiveCfg = Release|Any CPU
		{7D36502F-FCA3-45AB-A991-2434C4D99304}.Release|Any CPU.Build.0 = Release|Any CPU
		{A6E46CE4-B25B-4037-A925-897FC1B2AE0F}.Debug|Any CPU.ActiveCfg = Debug|Any CPU
		{A6E46CE4-B25B-4037-A925-897FC1B2AE0F}.Debug|Any CPU.Build.0 = Debug|Any CPU
		{A6E46CE4-B25B-4037-A925-897FC1B2AE0F}.Release|Any CPU.ActiveCfg = Release|Any CPU
		{A6E46CE4-B25B-4037-A925-897FC1B2AE0F}.Release|Any CPU.Build.0 = Release|Any CPU
		{92F492B8-8AF7-4001-A39E-6D96714F089B}.Debug|Any CPU.ActiveCfg = Debug|Any CPU
		{92F492B8-8AF7-4001-A39E-6D96714F089B}.Debug|Any CPU.Build.0 = Debug|Any CPU
		{92F492B8-8AF7-4001-A39E-6D96714F089B}.Release|Any CPU.ActiveCfg = Release|Any CPU
		{92F492B8-8AF7-4001-A39E-6D96714F089B}.Release|Any CPU.Build.0 = Release|Any CPU
	EndGlobalSection
EndGlobal
